<?xml version="1.0" encoding="utf-8"?>
<Project ToolsVersion="4.0" xmlns="http://schemas.microsoft.com/developer/msbuild/2003">
  <ItemGroup>
    <Filter Include="소스 파일">
      <UniqueIdentifier>{4FC737F1-C7A5-4376-A066-2A32D752A2FF}</UniqueIdentifier>
      <Extensions>cpp;c;cc;cxx;c++;cppm;ixx;def;odl;idl;hpj;bat;asm;asmx</Extensions>
    </Filter>
    <Filter Include="헤더 파일">
      <UniqueIdentifier>{93995380-89BD-4b04-88EB-625FBE52EBFB}</UniqueIdentifier>
      <Extensions>h;hh;hpp;hxx;h++;hm;inl;inc;ipp;xsd</Extensions>
    </Filter>
    <Filter Include="리소스 파일">
      <UniqueIdentifier>{67DA6AB6-F800-4c08-8B7A-83BB121AAD01}</UniqueIdentifier>
      <Extensions>rc;ico;cur;bmp;dlg;rc2;rct;bin;rgs;gif;jpg;jpeg;jpe;resx;tiff;tif;png;wav;mfcribbon-ms</Extensions>
    </Filter>
    <Filter Include="소스 파일\Shader">
      <UniqueIdentifier>{a49591d3-aca1-4b56-b8f4-0d986f634ba6}</UniqueIdentifier>
    </Filter>
    <Filter Include="소스 파일\Camera">
      <UniqueIdentifier>{95a7160d-6ae7-48a6-ae51-6ed02c3d1889}</UniqueIdentifier>
    </Filter>
    <Filter Include="소스 파일\Cube">
      <UniqueIdentifier>{55862b6e-f5c9-4c4b-bd0b-717f902068ad}</UniqueIdentifier>
    </Filter>
    <Filter Include="소스 파일\Pyramid">
      <UniqueIdentifier>{ed4088c9-7099-4125-ab90-f811c0ed9b1c}</UniqueIdentifier>
    </Filter>
    <Filter Include="소스 파일\Default">
      <UniqueIdentifier>{4192af3c-1439-4a07-9911-d63eabe80fd6}</UniqueIdentifier>
    </Filter>
    <Filter Include="소스 파일\CoordSystem">
      <UniqueIdentifier>{93fa06d3-f0ae-43bb-baa2-4ddcd6c28003}</UniqueIdentifier>
    </Filter>
    <Filter Include="소스 파일\BackGround">
      <UniqueIdentifier>{fd892394-c7be-4c40-89c2-2a536cdaa6d5}</UniqueIdentifier>
    </Filter>
  </ItemGroup>
  <ItemGroup>
    <ClCompile Include="Prac_26.cpp">
      <Filter>소스 파일\Default</Filter>
    </ClCompile>
    <ClCompile Include="Shader.cpp">
      <Filter>소스 파일\Shader</Filter>
    </ClCompile>
    <ClCompile Include="Cube.cpp">
      <Filter>소스 파일\Cube</Filter>
    </ClCompile>
    <ClCompile Include="Camera.cpp">
      <Filter>소스 파일\Camera</Filter>
    </ClCompile>
    <ClCompile Include="CoordSystem.cpp">
      <Filter>소스 파일\CoordSystem</Filter>
    </ClCompile>
    <ClCompile Include="BackGround.cpp">
      <Filter>소스 파일\BackGround</Filter>
    </ClCompile>
    <ClCompile Include="Pyramid.cpp">
      <Filter>소스 파일\Pyramid</Filter>
    </ClCompile>
  </ItemGroup>
  <ItemGroup>
    <ClInclude Include="Cube.h">
      <Filter>소스 파일\Cube</Filter>
    </ClInclude>
    <ClInclude Include="Camera.h">
      <Filter>소스 파일\Camera</Filter>
    </ClInclude>
    <ClInclude Include="Pyramid.h">
      <Filter>소스 파일\Pyramid</Filter>
    </ClInclude>
    <ClInclude Include="Shader.h">
      <Filter>소스 파일\Shader</Filter>
    </ClInclude>
    <ClInclude Include="pch.h">
      <Filter>헤더 파일</Filter>
    </ClInclude>
    <ClInclude Include="stb_image.h">
      <Filter>헤더 파일</Filter>
    </ClInclude>
    <ClInclude Include="CoordSystem.h">
      <Filter>소스 파일\CoordSystem</Filter>
    </ClInclude>
    <ClInclude Include="BackGround.h">
      <Filter>소스 파일\BackGround</Filter>
    </ClInclude>
  </ItemGroup>
  <ItemGroup>
    <None Include="fragment.glsl">
      <Filter>소스 파일\Shader</Filter>
    </None>
    <None Include="vertex.glsl">
      <Filter>소스 파일\Shader</Filter>
    </None>
  </ItemGroup>
</Project>